<?xml version="1.0"?>
<CONFIG>
  <ProjectOptions>
    <Version Value="9"/>
    <PathDelim Value="\"/>
    <General>
      <MainUnit Value="0"/>
      <ResourceType Value="res"/>
      <UseXPManifest Value="True"/>
      <Icon Value="0"/>
      <ActiveWindowIndexAtStart Value="0"/>
    </General>
    <i18n>
      <EnableI18N LFM="False"/>
    </i18n>
    <VersionInfo>
      <StringTable ProductVersion=""/>
    </VersionInfo>
    <BuildModes Count="1" Active="Default">
      <Item1 Name="Default" Default="True"/>
    </BuildModes>
    <PublishOptions>
      <Version Value="2"/>
      <IncludeFileFilter Value="*.(pas|pp|inc|lfm|lpr|lrs|lpi|lpk|sh|xml)"/>
      <ExcludeFileFilter Value="*.(bak|ppu|o|so);*~;backup"/>
    </PublishOptions>
    <RunParams>
      <local>
        <FormatVersion Value="1"/>
      </local>
    </RunParams>
    <RequiredPackages Count="2">
      <Item1>
        <PackageName Value="virtualtreeview_package"/>
        <MinVersion Major="4" Minor="8" Release="6" Valid="True"/>
      </Item1>
      <Item2>
        <PackageName Value="LCL"/>
      </Item2>
    </RequiredPackages>
    <Units Count="45">
      <Unit0>
        <Filename Value="HardwareMonitor.lpr"/>
        <IsPartOfProject Value="True"/>
        <UnitName Value="HardwareMonitor"/>
        <WindowIndex Value="0"/>
        <TopLine Value="1"/>
        <CursorPos X="53" Y="18"/>
        <UsageCount Value="88"/>
      </Unit0>
      <Unit1>
        <Filename Value="uMainForm.pas"/>
        <IsPartOfProject Value="True"/>
        <ComponentName Value="MainForm"/>
        <HasResources Value="True"/>
        <ResourceBaseClass Value="Form"/>
        <UnitName Value="uMainForm"/>
        <EditorIndex Value="0"/>
        <WindowIndex Value="0"/>
        <TopLine Value="247"/>
        <CursorPos X="69" Y="272"/>
        <UsageCount Value="88"/>
        <Loaded Value="True"/>
        <LoadedDesigner Value="True"/>
      </Unit1>
      <Unit2>
        <Filename Value="uUtils.pas"/>
        <IsPartOfProject Value="True"/>
        <UnitName Value="uUtils"/>
        <WindowIndex Value="0"/>
        <TopLine Value="38"/>
        <CursorPos X="20" Y="122"/>
        <UsageCount Value="88"/>
      </Unit2>
      <Unit3>
        <Filename Value="uUSBDisplay.pas"/>
        <IsPartOfProject Value="True"/>
        <UnitName Value="uUSBDisplay"/>
        <EditorIndex Value="2"/>
        <WindowIndex Value="0"/>
        <TopLine Value="1"/>
        <CursorPos X="46" Y="74"/>
        <UsageCount Value="88"/>
        <Loaded Value="True"/>
      </Unit3>
      <Unit4>
        <Filename Value="uUSBD480_API.pas"/>
        <IsPartOfProject Value="True"/>
        <UnitName Value="uUSBD480_API"/>
        <IsVisibleTab Value="True"/>
        <EditorIndex Value="3"/>
        <WindowIndex Value="0"/>
        <TopLine Value="1"/>
        <CursorPos X="52" Y="17"/>
        <UsageCount Value="88"/>
        <Loaded Value="True"/>
      </Unit4>
      <Unit5>
        <Filename Value="uHardwareMonitor.pas"/>
        <IsPartOfProject Value="True"/>
        <UnitName Value="uHardwareMonitor"/>
        <EditorIndex Value="1"/>
        <WindowIndex Value="0"/>
        <TopLine Value="256"/>
        <CursorPos X="27" Y="277"/>
        <UsageCount Value="88"/>
        <Loaded Value="True"/>
      </Unit5>
      <Unit6>
        <Filename Value="C:\Zusatzprogramme\Lazarus\fpc\2.6.0\source\rtl\objpas\classes\classesh.inc"/>
        <WindowIndex Value="0"/>
        <TopLine Value="146"/>
        <CursorPos X="43" Y="164"/>
        <UsageCount Value="10"/>
      </Unit6>
      <Unit7>
        <Filename Value="C:\Zusatzprogramme\Lazarus\lcl\graphics.pp"/>
        <UnitName Value="Graphics"/>
        <WindowIndex Value="0"/>
        <TopLine Value="1409"/>
        <CursorPos X="3" Y="1388"/>
        <UsageCount Value="12"/>
      </Unit7>
      <Unit8>
        <Filename Value="C:\Zusatzprogramme\Lazarus\lcl\interfaces\win32\win32listsl.inc"/>
        <WindowIndex Value="0"/>
        <TopLine Value="464"/>
        <CursorPos X="1" Y="481"/>
        <UsageCount Value="8"/>
      </Unit8>
      <Unit9>
        <Filename Value="C:\Zusatzprogramme\Lazarus\lcl\controls.pp"/>
        <UnitName Value="Controls"/>
        <WindowIndex Value="0"/>
        <TopLine Value="1311"/>
        <CursorPos X="15" Y="1325"/>
        <UsageCount Value="8"/>
      </Unit9>
      <Unit10>
        <Filename Value="C:\Zusatzprogramme\Lazarus\lcl\include\control.inc"/>
        <WindowIndex Value="0"/>
        <TopLine Value="2274"/>
        <CursorPos X="1" Y="2289"/>
        <UsageCount Value="10"/>
      </Unit10>
      <Unit11>
        <Filename Value="C:\Zusatzprogramme\Lazarus\lcl\extctrls.pp"/>
        <UnitName Value="ExtCtrls"/>
        <WindowIndex Value="0"/>
        <TopLine Value="162"/>
        <CursorPos X="3" Y="180"/>
        <UsageCount Value="10"/>
      </Unit11>
      <Unit12>
        <Filename Value="C:\Zusatzprogramme\Lazarus\lcl\include\graphiccontrol.inc"/>
        <WindowIndex Value="0"/>
        <TopLine Value="99"/>
        <CursorPos X="1" Y="128"/>
        <UsageCount Value="8"/>
      </Unit12>
      <Unit13>
        <Filename Value="C:\Zusatzprogramme\Lazarus\lcl\include\wincontrol.inc"/>
        <WindowIndex Value="0"/>
        <TopLine Value="6263"/>
        <CursorPos X="1" Y="6280"/>
        <UsageCount Value="8"/>
      </Unit13>
      <Unit14>
        <Filename Value="C:\Zusatzprogramme\Lazarus\lcl\include\winapi.inc"/>
        <WindowIndex Value="0"/>
        <TopLine Value="597"/>
        <CursorPos X="1" Y="613"/>
        <UsageCount Value="8"/>
      </Unit14>
      <Unit15>
        <Filename Value="C:\Zusatzprogramme\Lazarus\lcl\interfaces\win32\win32winapi.inc"/>
        <WindowIndex Value="0"/>
        <TopLine Value="3701"/>
        <CursorPos X="1" Y="3716"/>
        <UsageCount Value="9"/>
      </Unit15>
      <Unit16>
        <Filename Value="uModulAPI.pas"/>
        <IsPartOfProject Value="True"/>
        <UnitName Value="uModulAPI"/>
        <WindowIndex Value="0"/>
        <TopLine Value="241"/>
        <CursorPos X="40" Y="228"/>
        <UsageCount Value="79"/>
      </Unit16>
      <Unit17>
        <Filename Value="C:\Zusatzprogramme\Lazarus\components\virtualtreeview\VirtualTrees.pas"/>
        <UnitName Value="VirtualTrees"/>
        <WindowIndex Value="0"/>
        <TopLine Value="31393"/>
        <CursorPos X="1" Y="31408"/>
        <UsageCount Value="17"/>
      </Unit17>
      <Unit18>
        <Filename Value="modules\clock\clock.lpr"/>
        <UnitName Value="Project1"/>
        <WindowIndex Value="0"/>
        <TopLine Value="77"/>
        <CursorPos X="1" Y="97"/>
        <UsageCount Value="11"/>
      </Unit18>
      <Unit19>
        <Filename Value="modules\clock\uClock.pas"/>
        <UnitName Value="uClock"/>
        <WindowIndex Value="0"/>
        <TopLine Value="190"/>
        <CursorPos X="1" Y="215"/>
        <UsageCount Value="11"/>
      </Unit19>
      <Unit20>
        <Filename Value="C:\Zusatzprogramme\Lazarus\fpc\2.6.0\source\rtl\objpas\sysutils\sysstrh.inc"/>
        <WindowIndex Value="0"/>
        <TopLine Value="209"/>
        <CursorPos X="10" Y="224"/>
        <UsageCount Value="11"/>
      </Unit20>
      <Unit21>
        <Filename Value="uColorForm.pas"/>
        <IsPartOfProject Value="True"/>
        <ComponentName Value="ColorForm"/>
        <ResourceBaseClass Value="Form"/>
        <UnitName Value="uColorForm"/>
        <WindowIndex Value="0"/>
        <TopLine Value="221"/>
        <CursorPos X="45" Y="240"/>
        <UsageCount Value="65"/>
      </Unit21>
      <Unit22>
        <Filename Value="C:\Zusatzprogramme\Lazarus\lcl\forms.pp"/>
        <UnitName Value="Forms"/>
        <WindowIndex Value="0"/>
        <TopLine Value="592"/>
        <CursorPos X="14" Y="607"/>
        <UsageCount Value="8"/>
      </Unit22>
      <Unit23>
        <Filename Value="C:\Zusatzprogramme\Lazarus\lcl\comctrls.pp"/>
        <UnitName Value="ComCtrls"/>
        <WindowIndex Value="0"/>
        <TopLine Value="1854"/>
        <CursorPos X="36" Y="1869"/>
        <UsageCount Value="10"/>
      </Unit23>
      <Unit24>
        <Filename Value="C:\Zusatzprogramme\Lazarus\lcl\interfaces\win32\win32callback.inc"/>
        <WindowIndex Value="0"/>
        <TopLine Value="1084"/>
        <CursorPos X="1" Y="1099"/>
        <UsageCount Value="9"/>
      </Unit24>
      <Unit25>
        <Filename Value="C:\Zusatzprogramme\Lazarus\lcl\include\rasterimage.inc"/>
        <WindowIndex Value="0"/>
        <TopLine Value="502"/>
        <CursorPos X="1" Y="521"/>
        <UsageCount Value="14"/>
      </Unit25>
      <Unit26>
        <Filename Value="C:\Zusatzprogramme\Lazarus\lcl\include\custombitmap.inc"/>
        <WindowIndex Value="0"/>
        <TopLine Value="290"/>
        <CursorPos X="91" Y="316"/>
        <UsageCount Value="14"/>
      </Unit26>
      <Unit27>
        <Filename Value="C:\Zusatzprogramme\Lazarus\fpc\2.6.0\source\rtl\inc\threadh.inc"/>
        <WindowIndex Value="0"/>
        <TopLine Value="134"/>
        <CursorPos X="11" Y="149"/>
        <UsageCount Value="9"/>
      </Unit27>
      <Unit28>
        <Filename Value="C:\Zusatzprogramme\Lazarus\fpc\2.6.0\source\rtl\win\wininc\func.inc"/>
        <WindowIndex Value="0"/>
        <TopLine Value="43"/>
        <CursorPos X="10" Y="58"/>
        <UsageCount Value="9"/>
      </Unit28>
      <Unit29>
        <Filename Value="C:\Zusatzprogramme\Lazarus\fpc\2.6.0\source\rtl\win\wininc\struct.inc"/>
        <WindowIndex Value="0"/>
        <TopLine Value="208"/>
        <CursorPos X="6" Y="223"/>
        <UsageCount Value="9"/>
      </Unit29>
      <Unit30>
        <Filename Value="C:\Zusatzprogramme\Lazarus\fpc\2.6.0\source\rtl\inc\objpash.inc"/>
        <WindowIndex Value="0"/>
        <TopLine Value="186"/>
        <CursorPos X="21" Y="201"/>
        <UsageCount Value="9"/>
      </Unit30>
      <Unit31>
        <Filename Value="C:\Zusatzprogramme\Lazarus\fpc\2.6.0\source\rtl\win\tthread.inc"/>
        <WindowIndex Value="0"/>
        <TopLine Value="20"/>
        <CursorPos X="3" Y="22"/>
        <UsageCount Value="10"/>
      </Unit31>
      <Unit32>
        <Filename Value="uMCF.pas"/>
        <UnitName Value="uMCF"/>
        <WindowIndex Value="0"/>
        <TopLine Value="680"/>
        <CursorPos X="1" Y="695"/>
        <UsageCount Value="11"/>
      </Unit32>
      <Unit33>
        <Filename Value="modules\download\uDownload.pas"/>
        <UnitName Value="uDownload"/>
        <WindowIndex Value="0"/>
        <TopLine Value="234"/>
        <CursorPos X="47" Y="253"/>
        <UsageCount Value="9"/>
      </Unit33>
      <Unit34>
        <Filename Value="C:\Zusatzprogramme\Lazarus\fpc\2.6.0\source\rtl\win\wininc\base.inc"/>
        <WindowIndex Value="0"/>
        <TopLine Value="186"/>
        <CursorPos X="6" Y="201"/>
        <UsageCount Value="9"/>
      </Unit34>
      <Unit35>
        <Filename Value="modules\upload\uUpload.pas"/>
        <UnitName Value="uUpload"/>
        <WindowIndex Value="0"/>
        <TopLine Value="231"/>
        <CursorPos X="14" Y="245"/>
        <UsageCount Value="9"/>
      </Unit35>
      <Unit36>
        <Filename Value="C:\Zusatzprogramme\Lazarus\fpc\2.6.0\source\packages\fcl-base\src\contnrs.pp"/>
        <UnitName Value="contnrs"/>
        <WindowIndex Value="0"/>
        <TopLine Value="66"/>
        <CursorPos X="25" Y="72"/>
        <UsageCount Value="9"/>
      </Unit36>
      <Unit37>
        <Filename Value="C:\Zusatzprogramme\Lazarus\fpc\2.6.1\source\packages\fcl-base\src\contnrs.pp"/>
        <UnitName Value="contnrs"/>
        <WindowIndex Value="0"/>
        <TopLine Value="199"/>
        <CursorPos X="66" Y="217"/>
        <UsageCount Value="9"/>
      </Unit37>
      <Unit38>
        <Filename Value="C:\Zusatzprogramme\Lazarus\fpc\2.6.1\source\rtl\objpas\fgl.pp"/>
        <UnitName Value="fgl"/>
        <WindowIndex Value="0"/>
        <TopLine Value="86"/>
        <CursorPos X="3" Y="41"/>
        <UsageCount Value="9"/>
      </Unit38>
      <Unit39>
        <Filename Value="C:\Zusatzprogramme\Lazarus\fpc\2.6.1\source\rtl\objpas\sysutils\sysutilh.inc"/>
        <WindowIndex Value="0"/>
        <TopLine Value="272"/>
        <CursorPos X="14" Y="290"/>
        <UsageCount Value="9"/>
      </Unit39>
      <Unit40>
        <Filename Value="C:\Zusatzprogramme\Lazarus\fpc\2.6.1\source\rtl\objpas\sysutils\sysutils.inc"/>
        <WindowIndex Value="0"/>
        <TopLine Value="147"/>
        <CursorPos X="9" Y="151"/>
        <UsageCount Value="9"/>
      </Unit40>
      <Unit41>
        <Filename Value="C:\Zusatzprogramme\Lazarus\lcl\include\customlistbox.inc"/>
        <WindowIndex Value="0"/>
        <TopLine Value="179"/>
        <CursorPos X="1" Y="197"/>
        <UsageCount Value="10"/>
      </Unit41>
      <Unit42>
        <Filename Value="C:\Zusatzprogramme\Lazarus\fpc\2.6.1\source\rtl\win\sysosh.inc"/>
        <WindowIndex Value="0"/>
        <TopLine Value="15"/>
        <CursorPos X="3" Y="33"/>
        <UsageCount Value="10"/>
      </Unit42>
      <Unit43>
        <Filename Value="C:\Zusatzprogramme\Lazarus\fpc\2.6.1\source\rtl\objpas\classes\classesh.inc"/>
        <WindowIndex Value="0"/>
        <TopLine Value="1528"/>
        <CursorPos X="21" Y="1550"/>
        <UsageCount Value="10"/>
      </Unit43>
      <Unit44>
        <Filename Value="C:\Zusatzprogramme\Lazarus\fpc\2.6.1\source\rtl\win\tthread.inc"/>
        <WindowIndex Value="0"/>
        <TopLine Value="20"/>
        <CursorPos X="3" Y="22"/>
        <UsageCount Value="10"/>
      </Unit44>
    </Units>
    <JumpHistory Count="30" HistoryIndex="29">
      <Position1>
        <Filename Value="uHardwareMonitor.pas"/>
        <Caret Line="273" Column="77" TopLine="248"/>
      </Position1>
      <Position2>
        <Filename Value="uHardwareMonitor.pas"/>
        <Caret Line="125" Column="76" TopLine="117"/>
      </Position2>
      <Position3>
        <Filename Value="uHardwareMonitor.pas"/>
        <Caret Line="189" Column="22" TopLine="160"/>
      </Position3>
      <Position4>
        <Filename Value="uHardwareMonitor.pas"/>
        <Caret Line="1855" Column="27" TopLine="1847"/>
      </Position4>
      <Position5>
        <Filename Value="uHardwareMonitor.pas"/>
        <Caret Line="1868" Column="32" TopLine="1838"/>
      </Position5>
      <Position6>
        <Filename Value="uHardwareMonitor.pas"/>
        <Caret Line="286" Column="50" TopLine="259"/>
      </Position6>
      <Position7>
        <Filename Value="uHardwareMonitor.pas"/>
        <Caret Line="2038" Column="161" TopLine="2023"/>
      </Position7>
      <Position8>
        <Filename Value="uHardwareMonitor.pas"/>
        <Caret Line="216" Column="27" TopLine="190"/>
      </Position8>
      <Position9>
        <Filename Value="uHardwareMonitor.pas"/>
        <Caret Line="286" Column="27" TopLine="257"/>
      </Position9>
      <Position10>
        <Filename Value="uMainForm.pas"/>
        <Caret Line="82" Column="15" TopLine="64"/>
      </Position10>
      <Position11>
        <Filename Value="uUSBDisplay.pas"/>
        <Caret Line="49" Column="16" TopLine="14"/>
      </Position11>
      <Position12>
        <Filename Value="uUSBDisplay.pas"/>
        <Caret Line="32" Column="48" TopLine="15"/>
      </Position12>
      <Position13>
        <Filename Value="uHardwareMonitor.pas"/>
        <Caret Line="277" Column="27" TopLine="256"/>
      </Position13>
      <Position14>
        <Filename Value="uUSBDisplay.pas"/>
        <Caret Line="28" Column="22" TopLine="19"/>
      </Position14>
      <Position15>
        <Filename Value="uUSBDisplay.pas"/>
        <Caret Line="180" Column="20" TopLine="156"/>
      </Position15>
      <Position16>
        <Filename Value="uUSBDisplay.pas"/>
        <Caret Line="152" Column="53" TopLine="129"/>
      </Position16>
      <Position17>
        <Filename Value="uUSBDisplay.pas"/>
        <Caret Line="151" Column="13" TopLine="144"/>
      </Position17>
      <Position18>
        <Filename Value="uUSBDisplay.pas"/>
        <Caret Line="61" Column="1" TopLine="51"/>
      </Position18>
      <Position19>
        <Filename Value="uUSBDisplay.pas"/>
        <Caret Line="45" Column="37" TopLine="27"/>
      </Position19>
      <Position20>
        <Filename Value="uUSBDisplay.pas"/>
        <Caret Line="120" Column="1" TopLine="96"/>
      </Position20>
      <Position21>
        <Filename Value="uUSBDisplay.pas"/>
        <Caret Line="73" Column="54" TopLine="56"/>
      </Position21>
      <Position22>
        <Filename Value="uUSBDisplay.pas"/>
        <Caret Line="172" Column="3" TopLine="154"/>
      </Position22>
      <Position23>
        <Filename Value="uUSBDisplay.pas"/>
        <Caret Line="34" Column="1" TopLine="14"/>
      </Position23>
      <Position24>
        <Filename Value="uUSBDisplay.pas"/>
        <Caret Line="102" Column="1" TopLine="96"/>
      </Position24>
      <Position25>
        <Filename Value="uMainForm.pas"/>
        <Caret Line="786" Column="23" TopLine="594"/>
      </Position25>
      <Position26>
        <Filename Value="uMainForm.pas"/>
        <Caret Line="277" Column="24" TopLine="260"/>
      </Position26>
      <Position27>
        <Filename Value="uUSBDisplay.pas"/>
        <Caret Line="196" Column="27" TopLine="165"/>
      </Position27>
      <Position28>
        <Filename Value="uMainForm.pas"/>
        <Caret Line="265" Column="1" TopLine="257"/>
      </Position28>
      <Position29>
        <Filename Value="uMainForm.pas"/>
        <Caret Line="624" Column="3" TopLine="621"/>
      </Position29>
      <Position30>
        <Filename Value="uMainForm.pas"/>
        <Caret Line="509" Column="51" TopLine="496"/>
      </Position30>
    </JumpHistory>
  </ProjectOptions>
  <CompilerOptions>
    <Version Value="11"/>
    <PathDelim Value="\"/>
    <Target>
      <Filename Value="HardwareMonitor"/>
    </Target>
    <SearchPaths>
      <IncludeFiles Value="$(ProjOutDir)"/>
      <OtherUnitFiles Value="gdiplus"/>
      <UnitOutputDirectory Value="..\lib\Programm\$(TargetCPU)-$(TargetOS)"/>
    </SearchPaths>
    <CodeGeneration>
      <TargetCPU Value="i386"/>
      <TargetOS Value="win32"/>
    </CodeGeneration>
    <Linking>
      <Debugging>
        <UseHeaptrc Value="True"/>
      </Debugging>
      <Options>
        <Win32>
          <GraphicApplication Value="True"/>
        </Win32>
      </Options>
    </Linking>
    <Other>
      <CompilerMessages>
        <UseMsgFile Value="True"/>
      </CompilerMessages>
      <CompilerPath Value="$(CompPath)"/>
    </Other>
  </CompilerOptions>
  <Debugging>
    <BreakPoints Count="1">
      <Item1>
        <Kind Value="bpkSource"/>
        <WatchScope Value="wpsGlobal"/>
        <WatchKind Value="wpkWrite"/>
        <Source Value="C:\Zusatzprogramme\Lazarus\fpc\2.6.0\source\rtl\win\tthread.inc"/>
        <Line Value="22"/>
      </Item1>
    </BreakPoints>
    <Watches Count="3">
      <Item1>
        <Expression Value="PAnsiString(fSettingsArr^[0].Data)^"/>
      </Item1>
      <Item2>
        <Expression Value="fSettingsArr^[0]"/>
      </Item2>
      <Item3>
        <Expression Value="PChar(p^.Data)"/>
      </Item3>
    </Watches>
    <Exceptions Count="3">
      <Item1>
        <Name Value="EAbort"/>
      </Item1>
      <Item2>
        <Name Value="ECodetoolError"/>
      </Item2>
      <Item3>
        <Name Value="EFOpenError"/>
      </Item3>
    </Exceptions>
  </Debugging>
  <EditorMacros Count="0"/>
</CONFIG>
