<?xml version="1.0"?>
<CONFIG>
  <ProjectOptions>
    <Version Value="9"/>
    <PathDelim Value="\"/>
    <General>
      <MainUnit Value="0"/>
      <ResourceType Value="res"/>
      <UseXPManifest Value="True"/>
      <Icon Value="0"/>
      <ActiveWindowIndexAtStart Value="0"/>
    </General>
    <i18n>
      <EnableI18N LFM="False"/>
    </i18n>
    <VersionInfo>
      <StringTable ProductVersion=""/>
    </VersionInfo>
    <BuildModes Count="1" Active="Default">
      <Item1 Name="Default" Default="True"/>
    </BuildModes>
    <PublishOptions>
      <Version Value="2"/>
      <IncludeFileFilter Value="*.(pas|pp|inc|lfm|lpr|lrs|lpi|lpk|sh|xml)"/>
      <ExcludeFileFilter Value="*.(bak|ppu|o|so);*~;backup"/>
    </PublishOptions>
    <RunParams>
      <local>
        <FormatVersion Value="1"/>
        <CommandLineParams Value="-load &quot;Dummy Display&quot; &quot;test&quot;"/>
      </local>
    </RunParams>
    <RequiredPackages Count="2">
      <Item1>
        <PackageName Value="virtualtreeview_package"/>
        <MinVersion Major="4" Minor="8" Release="6" Valid="True"/>
      </Item1>
      <Item2>
        <PackageName Value="LCL"/>
      </Item2>
    </RequiredPackages>
    <Units Count="58">
      <Unit0>
        <Filename Value="HardwareMonitor.lpr"/>
        <IsPartOfProject Value="True"/>
        <UnitName Value="HardwareMonitor"/>
        <EditorIndex Value="4"/>
        <WindowIndex Value="0"/>
        <TopLine Value="1"/>
        <CursorPos X="55" Y="11"/>
        <UsageCount Value="118"/>
        <Loaded Value="True"/>
      </Unit0>
      <Unit1>
        <Filename Value="uMainForm.pas"/>
        <IsPartOfProject Value="True"/>
        <ComponentName Value="MainForm"/>
        <HasResources Value="True"/>
        <ResourceBaseClass Value="Form"/>
        <UnitName Value="uMainForm"/>
        <IsVisibleTab Value="True"/>
        <EditorIndex Value="0"/>
        <WindowIndex Value="0"/>
        <TopLine Value="366"/>
        <CursorPos X="45" Y="384"/>
        <UsageCount Value="118"/>
        <Loaded Value="True"/>
        <LoadedDesigner Value="True"/>
      </Unit1>
      <Unit2>
        <Filename Value="uUtils.pas"/>
        <IsPartOfProject Value="True"/>
        <UnitName Value="uUtils"/>
        <WindowIndex Value="0"/>
        <TopLine Value="122"/>
        <CursorPos X="3" Y="128"/>
        <UsageCount Value="118"/>
      </Unit2>
      <Unit3>
        <Filename Value="uUSBDisplay.pas"/>
        <IsPartOfProject Value="True"/>
        <UnitName Value="uUSBDisplay"/>
        <EditorIndex Value="8"/>
        <WindowIndex Value="0"/>
        <TopLine Value="172"/>
        <CursorPos X="13" Y="200"/>
        <UsageCount Value="118"/>
        <Loaded Value="True"/>
      </Unit3>
      <Unit4>
        <Filename Value="uUSBD480_API.pas"/>
        <IsPartOfProject Value="True"/>
        <UnitName Value="uUSBD480_API"/>
        <EditorIndex Value="2"/>
        <WindowIndex Value="0"/>
        <TopLine Value="10"/>
        <CursorPos X="5" Y="26"/>
        <UsageCount Value="118"/>
        <Loaded Value="True"/>
      </Unit4>
      <Unit5>
        <Filename Value="uHardwareMonitor.pas"/>
        <IsPartOfProject Value="True"/>
        <UnitName Value="uHardwareMonitor"/>
        <EditorIndex Value="6"/>
        <WindowIndex Value="0"/>
        <TopLine Value="1926"/>
        <CursorPos X="1" Y="1946"/>
        <UsageCount Value="118"/>
        <Loaded Value="True"/>
      </Unit5>
      <Unit6>
        <Filename Value="C:\Zusatzprogramme\Lazarus\fpc\2.6.0\source\rtl\objpas\classes\classesh.inc"/>
        <WindowIndex Value="0"/>
        <TopLine Value="146"/>
        <CursorPos X="43" Y="164"/>
        <UsageCount Value="8"/>
      </Unit6>
      <Unit7>
        <Filename Value="C:\Zusatzprogramme\Lazarus\lcl\graphics.pp"/>
        <UnitName Value="Graphics"/>
        <WindowIndex Value="0"/>
        <TopLine Value="1457"/>
        <CursorPos X="3" Y="1475"/>
        <UsageCount Value="10"/>
      </Unit7>
      <Unit8>
        <Filename Value="C:\Zusatzprogramme\Lazarus\lcl\interfaces\win32\win32listsl.inc"/>
        <WindowIndex Value="0"/>
        <TopLine Value="464"/>
        <CursorPos X="1" Y="481"/>
        <UsageCount Value="6"/>
      </Unit8>
      <Unit9>
        <Filename Value="C:\Zusatzprogramme\Lazarus\lcl\controls.pp"/>
        <UnitName Value="Controls"/>
        <WindowIndex Value="0"/>
        <TopLine Value="1311"/>
        <CursorPos X="15" Y="1325"/>
        <UsageCount Value="6"/>
      </Unit9>
      <Unit10>
        <Filename Value="C:\Zusatzprogramme\Lazarus\lcl\include\control.inc"/>
        <WindowIndex Value="0"/>
        <TopLine Value="2274"/>
        <CursorPos X="1" Y="2289"/>
        <UsageCount Value="8"/>
      </Unit10>
      <Unit11>
        <Filename Value="C:\Zusatzprogramme\Lazarus\lcl\extctrls.pp"/>
        <UnitName Value="ExtCtrls"/>
        <WindowIndex Value="0"/>
        <TopLine Value="162"/>
        <CursorPos X="3" Y="180"/>
        <UsageCount Value="8"/>
      </Unit11>
      <Unit12>
        <Filename Value="C:\Zusatzprogramme\Lazarus\lcl\include\graphiccontrol.inc"/>
        <WindowIndex Value="0"/>
        <TopLine Value="99"/>
        <CursorPos X="1" Y="128"/>
        <UsageCount Value="6"/>
      </Unit12>
      <Unit13>
        <Filename Value="C:\Zusatzprogramme\Lazarus\lcl\include\wincontrol.inc"/>
        <WindowIndex Value="0"/>
        <TopLine Value="6263"/>
        <CursorPos X="1" Y="6280"/>
        <UsageCount Value="6"/>
      </Unit13>
      <Unit14>
        <Filename Value="C:\Zusatzprogramme\Lazarus\lcl\include\winapi.inc"/>
        <WindowIndex Value="0"/>
        <TopLine Value="597"/>
        <CursorPos X="1" Y="613"/>
        <UsageCount Value="6"/>
      </Unit14>
      <Unit15>
        <Filename Value="C:\Zusatzprogramme\Lazarus\lcl\interfaces\win32\win32winapi.inc"/>
        <WindowIndex Value="0"/>
        <TopLine Value="3701"/>
        <CursorPos X="1" Y="3716"/>
        <UsageCount Value="7"/>
      </Unit15>
      <Unit16>
        <Filename Value="uModulAPI.pas"/>
        <IsPartOfProject Value="True"/>
        <UnitName Value="uModulAPI"/>
        <EditorIndex Value="9"/>
        <WindowIndex Value="0"/>
        <TopLine Value="158"/>
        <CursorPos X="12" Y="176"/>
        <UsageCount Value="109"/>
        <Loaded Value="True"/>
      </Unit16>
      <Unit17>
        <Filename Value="C:\Zusatzprogramme\Lazarus\components\virtualtreeview\VirtualTrees.pas"/>
        <UnitName Value="VirtualTrees"/>
        <WindowIndex Value="0"/>
        <TopLine Value="29175"/>
        <CursorPos X="3" Y="29183"/>
        <UsageCount Value="20"/>
      </Unit17>
      <Unit18>
        <Filename Value="modules\clock\clock.lpr"/>
        <UnitName Value="Project1"/>
        <WindowIndex Value="0"/>
        <TopLine Value="77"/>
        <CursorPos X="1" Y="97"/>
        <UsageCount Value="9"/>
      </Unit18>
      <Unit19>
        <Filename Value="modules\clock\uClock.pas"/>
        <UnitName Value="uClock"/>
        <WindowIndex Value="0"/>
        <TopLine Value="190"/>
        <CursorPos X="1" Y="215"/>
        <UsageCount Value="9"/>
      </Unit19>
      <Unit20>
        <Filename Value="C:\Zusatzprogramme\Lazarus\fpc\2.6.0\source\rtl\objpas\sysutils\sysstrh.inc"/>
        <WindowIndex Value="0"/>
        <TopLine Value="209"/>
        <CursorPos X="10" Y="224"/>
        <UsageCount Value="9"/>
      </Unit20>
      <Unit21>
        <Filename Value="uColorForm.pas"/>
        <IsPartOfProject Value="True"/>
        <ComponentName Value="ColorForm"/>
        <ResourceBaseClass Value="Form"/>
        <UnitName Value="uColorForm"/>
        <WindowIndex Value="0"/>
        <TopLine Value="1"/>
        <CursorPos X="3" Y="12"/>
        <UsageCount Value="95"/>
      </Unit21>
      <Unit22>
        <Filename Value="C:\Zusatzprogramme\Lazarus\lcl\forms.pp"/>
        <UnitName Value="Forms"/>
        <EditorIndex Value="5"/>
        <WindowIndex Value="0"/>
        <TopLine Value="52"/>
        <CursorPos X="33" Y="70"/>
        <UsageCount Value="11"/>
        <Loaded Value="True"/>
      </Unit22>
      <Unit23>
        <Filename Value="C:\Zusatzprogramme\Lazarus\lcl\comctrls.pp"/>
        <UnitName Value="ComCtrls"/>
        <WindowIndex Value="0"/>
        <TopLine Value="1854"/>
        <CursorPos X="36" Y="1869"/>
        <UsageCount Value="8"/>
      </Unit23>
      <Unit24>
        <Filename Value="C:\Zusatzprogramme\Lazarus\lcl\interfaces\win32\win32callback.inc"/>
        <EditorIndex Value="7"/>
        <WindowIndex Value="0"/>
        <TopLine Value="1084"/>
        <CursorPos X="1" Y="1099"/>
        <UsageCount Value="11"/>
        <Loaded Value="True"/>
      </Unit24>
      <Unit25>
        <Filename Value="C:\Zusatzprogramme\Lazarus\lcl\include\rasterimage.inc"/>
        <WindowIndex Value="0"/>
        <TopLine Value="502"/>
        <CursorPos X="1" Y="521"/>
        <UsageCount Value="12"/>
      </Unit25>
      <Unit26>
        <Filename Value="C:\Zusatzprogramme\Lazarus\lcl\include\custombitmap.inc"/>
        <WindowIndex Value="0"/>
        <TopLine Value="290"/>
        <CursorPos X="91" Y="316"/>
        <UsageCount Value="12"/>
      </Unit26>
      <Unit27>
        <Filename Value="C:\Zusatzprogramme\Lazarus\fpc\2.6.0\source\rtl\inc\threadh.inc"/>
        <WindowIndex Value="0"/>
        <TopLine Value="134"/>
        <CursorPos X="11" Y="149"/>
        <UsageCount Value="7"/>
      </Unit27>
      <Unit28>
        <Filename Value="C:\Zusatzprogramme\Lazarus\fpc\2.6.0\source\rtl\win\wininc\func.inc"/>
        <WindowIndex Value="0"/>
        <TopLine Value="43"/>
        <CursorPos X="10" Y="58"/>
        <UsageCount Value="7"/>
      </Unit28>
      <Unit29>
        <Filename Value="C:\Zusatzprogramme\Lazarus\fpc\2.6.0\source\rtl\win\wininc\struct.inc"/>
        <WindowIndex Value="0"/>
        <TopLine Value="208"/>
        <CursorPos X="6" Y="223"/>
        <UsageCount Value="7"/>
      </Unit29>
      <Unit30>
        <Filename Value="C:\Zusatzprogramme\Lazarus\fpc\2.6.0\source\rtl\inc\objpash.inc"/>
        <WindowIndex Value="0"/>
        <TopLine Value="186"/>
        <CursorPos X="21" Y="201"/>
        <UsageCount Value="7"/>
      </Unit30>
      <Unit31>
        <Filename Value="C:\Zusatzprogramme\Lazarus\fpc\2.6.0\source\rtl\win\tthread.inc"/>
        <WindowIndex Value="0"/>
        <TopLine Value="20"/>
        <CursorPos X="3" Y="22"/>
        <UsageCount Value="8"/>
      </Unit31>
      <Unit32>
        <Filename Value="uMCF.pas"/>
        <UnitName Value="uMCF"/>
        <EditorIndex Value="1"/>
        <WindowIndex Value="0"/>
        <TopLine Value="750"/>
        <CursorPos X="1" Y="776"/>
        <UsageCount Value="11"/>
        <Loaded Value="True"/>
      </Unit32>
      <Unit33>
        <Filename Value="modules\download\uDownload.pas"/>
        <UnitName Value="uDownload"/>
        <WindowIndex Value="0"/>
        <TopLine Value="76"/>
        <CursorPos X="61" Y="94"/>
        <UsageCount Value="10"/>
      </Unit33>
      <Unit34>
        <Filename Value="C:\Zusatzprogramme\Lazarus\fpc\2.6.0\source\rtl\win\wininc\base.inc"/>
        <WindowIndex Value="0"/>
        <TopLine Value="186"/>
        <CursorPos X="6" Y="201"/>
        <UsageCount Value="7"/>
      </Unit34>
      <Unit35>
        <Filename Value="modules\upload\uUpload.pas"/>
        <UnitName Value="uUpload"/>
        <WindowIndex Value="0"/>
        <TopLine Value="231"/>
        <CursorPos X="14" Y="245"/>
        <UsageCount Value="7"/>
      </Unit35>
      <Unit36>
        <Filename Value="C:\Zusatzprogramme\Lazarus\fpc\2.6.0\source\packages\fcl-base\src\contnrs.pp"/>
        <UnitName Value="contnrs"/>
        <WindowIndex Value="0"/>
        <TopLine Value="66"/>
        <CursorPos X="25" Y="72"/>
        <UsageCount Value="7"/>
      </Unit36>
      <Unit37>
        <Filename Value="C:\Zusatzprogramme\Lazarus\fpc\2.6.1\source\packages\fcl-base\src\contnrs.pp"/>
        <UnitName Value="contnrs"/>
        <WindowIndex Value="0"/>
        <TopLine Value="199"/>
        <CursorPos X="66" Y="217"/>
        <UsageCount Value="7"/>
      </Unit37>
      <Unit38>
        <Filename Value="C:\Zusatzprogramme\Lazarus\fpc\2.6.1\source\rtl\objpas\fgl.pp"/>
        <UnitName Value="fgl"/>
        <EditorIndex Value="12"/>
        <WindowIndex Value="0"/>
        <TopLine Value="32"/>
        <CursorPos X="14" Y="32"/>
        <UsageCount Value="13"/>
        <Loaded Value="True"/>
      </Unit38>
      <Unit39>
        <Filename Value="C:\Zusatzprogramme\Lazarus\fpc\2.6.1\source\rtl\objpas\sysutils\sysutilh.inc"/>
        <WindowIndex Value="0"/>
        <TopLine Value="272"/>
        <CursorPos X="14" Y="290"/>
        <UsageCount Value="7"/>
      </Unit39>
      <Unit40>
        <Filename Value="C:\Zusatzprogramme\Lazarus\fpc\2.6.1\source\rtl\objpas\sysutils\sysutils.inc"/>
        <WindowIndex Value="0"/>
        <TopLine Value="147"/>
        <CursorPos X="9" Y="151"/>
        <UsageCount Value="7"/>
      </Unit40>
      <Unit41>
        <Filename Value="C:\Zusatzprogramme\Lazarus\lcl\include\customlistbox.inc"/>
        <WindowIndex Value="0"/>
        <TopLine Value="545"/>
        <CursorPos X="1" Y="572"/>
        <UsageCount Value="9"/>
      </Unit41>
      <Unit42>
        <Filename Value="C:\Zusatzprogramme\Lazarus\fpc\2.6.1\source\rtl\win\sysosh.inc"/>
        <WindowIndex Value="0"/>
        <TopLine Value="15"/>
        <CursorPos X="3" Y="33"/>
        <UsageCount Value="8"/>
      </Unit42>
      <Unit43>
        <Filename Value="C:\Zusatzprogramme\Lazarus\fpc\2.6.1\source\rtl\objpas\classes\classesh.inc"/>
        <WindowIndex Value="0"/>
        <TopLine Value="652"/>
        <CursorPos X="3" Y="670"/>
        <UsageCount Value="10"/>
      </Unit43>
      <Unit44>
        <Filename Value="C:\Zusatzprogramme\Lazarus\fpc\2.6.1\source\rtl\win\tthread.inc"/>
        <WindowIndex Value="0"/>
        <TopLine Value="20"/>
        <CursorPos X="3" Y="22"/>
        <UsageCount Value="8"/>
      </Unit44>
      <Unit45>
        <Filename Value="C:\Zusatzprogramme\Lazarus\fpc\2.6.1\source\rtl\win\wininc\struct.inc"/>
        <WindowIndex Value="0"/>
        <TopLine Value="253"/>
        <CursorPos X="6" Y="271"/>
        <UsageCount Value="8"/>
      </Unit45>
      <Unit46>
        <Filename Value="C:\Zusatzprogramme\Lazarus\components\lazutils\fileutil.pas"/>
        <UnitName Value="FileUtil"/>
        <WindowIndex Value="0"/>
        <TopLine Value="43"/>
        <CursorPos X="29" Y="79"/>
        <UsageCount Value="10"/>
      </Unit46>
      <Unit47>
        <Filename Value="C:\Zusatzprogramme\Lazarus\fpc\2.6.1\source\packages\fcl-process\src\process.pp"/>
        <UnitName Value="process"/>
        <WindowIndex Value="0"/>
        <TopLine Value="96"/>
        <CursorPos X="15" Y="114"/>
        <UsageCount Value="8"/>
      </Unit47>
      <Unit48>
        <Filename Value="C:\Zusatzprogramme\Lazarus\fpc\2.6.1\source\packages\fcl-process\src\win\process.inc"/>
        <WindowIndex Value="0"/>
        <TopLine Value="260"/>
        <CursorPos X="3" Y="232"/>
        <UsageCount Value="8"/>
      </Unit48>
      <Unit49>
        <Filename Value="C:\Zusatzprogramme\Lazarus\fpc\2.6.1\source\rtl\win\wininc\base.inc"/>
        <WindowIndex Value="0"/>
        <TopLine Value="183"/>
        <CursorPos X="6" Y="201"/>
        <UsageCount Value="8"/>
      </Unit49>
      <Unit50>
        <Filename Value="C:\Zusatzprogramme\Lazarus\fpc\2.6.1\source\rtl\objpas\sysutils\osutilsh.inc"/>
        <WindowIndex Value="0"/>
        <TopLine Value="13"/>
        <CursorPos X="10" Y="31"/>
        <UsageCount Value="8"/>
      </Unit50>
      <Unit51>
        <Filename Value="C:\Zusatzprogramme\Lazarus\fpc\2.6.1\source\rtl\win\sysutils.pp"/>
        <UnitName Value="sysutils"/>
        <WindowIndex Value="0"/>
        <TopLine Value="997"/>
        <CursorPos X="10" Y="961"/>
        <UsageCount Value="8"/>
      </Unit51>
      <Unit52>
        <Filename Value="C:\Zusatzprogramme\Lazarus\fpc\2.6.1\source\rtl\inc\systemh.inc"/>
        <WindowIndex Value="0"/>
        <TopLine Value="328"/>
        <CursorPos X="3" Y="346"/>
        <UsageCount Value="8"/>
      </Unit52>
      <Unit53>
        <Filename Value="uSensorForm.pas"/>
        <IsPartOfProject Value="True"/>
        <ComponentName Value="SensorForm"/>
        <HasResources Value="True"/>
        <ResourceBaseClass Value="Form"/>
        <UnitName Value="uSensorForm"/>
        <EditorIndex Value="11"/>
        <WindowIndex Value="0"/>
        <TopLine Value="141"/>
        <CursorPos X="32" Y="169"/>
        <UsageCount Value="44"/>
        <Loaded Value="True"/>
        <LoadedDesigner Value="True"/>
      </Unit53>
      <Unit54>
        <Filename Value="modules\sensor\uSensor.pas"/>
        <UnitName Value="uSensor"/>
        <WindowIndex Value="0"/>
        <TopLine Value="22"/>
        <CursorPos X="28" Y="32"/>
        <UsageCount Value="10"/>
      </Unit54>
      <Unit55>
        <Filename Value="modules\sensor\sensor.lpr"/>
        <UnitName Value="sensor"/>
        <EditorIndex Value="10"/>
        <WindowIndex Value="0"/>
        <TopLine Value="64"/>
        <CursorPos X="1" Y="93"/>
        <UsageCount Value="13"/>
        <Loaded Value="True"/>
      </Unit55>
      <Unit56>
        <Filename Value="C:\Zusatzprogramme\Lazarus\fpc\2.6.1\source\rtl\objpas\classes\stringl.inc"/>
        <WindowIndex Value="0"/>
        <TopLine Value="260"/>
        <CursorPos X="2" Y="264"/>
        <UsageCount Value="9"/>
      </Unit56>
      <Unit57>
        <Filename Value="C:\Zusatzprogramme\Lazarus\fpc\2.7.1\source\rtl\objpas\objpas.pp"/>
        <UnitName Value="objpas"/>
        <EditorIndex Value="3"/>
        <WindowIndex Value="0"/>
        <TopLine Value="216"/>
        <CursorPos X="1" Y="222"/>
        <UsageCount Value="10"/>
        <Loaded Value="True"/>
      </Unit57>
    </Units>
    <JumpHistory Count="30" HistoryIndex="29">
      <Position1>
        <Filename Value="uMainForm.pas"/>
        <Caret Line="399" Column="1" TopLine="380"/>
      </Position1>
      <Position2>
        <Filename Value="uMainForm.pas"/>
        <Caret Line="401" Column="1" TopLine="380"/>
      </Position2>
      <Position3>
        <Filename Value="uMainForm.pas"/>
        <Caret Line="402" Column="1" TopLine="380"/>
      </Position3>
      <Position4>
        <Filename Value="uMainForm.pas"/>
        <Caret Line="403" Column="1" TopLine="380"/>
      </Position4>
      <Position5>
        <Filename Value="uMCF.pas"/>
        <Caret Line="766" Column="1" TopLine="750"/>
      </Position5>
      <Position6>
        <Filename Value="uMCF.pas"/>
        <Caret Line="767" Column="1" TopLine="750"/>
      </Position6>
      <Position7>
        <Filename Value="uMCF.pas"/>
        <Caret Line="770" Column="1" TopLine="750"/>
      </Position7>
      <Position8>
        <Filename Value="uMCF.pas"/>
        <Caret Line="771" Column="1" TopLine="750"/>
      </Position8>
      <Position9>
        <Filename Value="uMCF.pas"/>
        <Caret Line="772" Column="1" TopLine="750"/>
      </Position9>
      <Position10>
        <Filename Value="uMCF.pas"/>
        <Caret Line="774" Column="1" TopLine="750"/>
      </Position10>
      <Position11>
        <Filename Value="uMCF.pas"/>
        <Caret Line="776" Column="1" TopLine="750"/>
      </Position11>
      <Position12>
        <Filename Value="uMainForm.pas"/>
        <Caret Line="404" Column="1" TopLine="380"/>
      </Position12>
      <Position13>
        <Filename Value="uHardwareMonitor.pas"/>
        <Caret Line="1929" Column="1" TopLine="1914"/>
      </Position13>
      <Position14>
        <Filename Value="uHardwareMonitor.pas"/>
        <Caret Line="1931" Column="1" TopLine="1914"/>
      </Position14>
      <Position15>
        <Filename Value="uHardwareMonitor.pas"/>
        <Caret Line="1932" Column="1" TopLine="1914"/>
      </Position15>
      <Position16>
        <Filename Value="uHardwareMonitor.pas"/>
        <Caret Line="1933" Column="1" TopLine="1914"/>
      </Position16>
      <Position17>
        <Filename Value="uHardwareMonitor.pas"/>
        <Caret Line="1934" Column="1" TopLine="1917"/>
      </Position17>
      <Position18>
        <Filename Value="uHardwareMonitor.pas"/>
        <Caret Line="1935" Column="1" TopLine="1926"/>
      </Position18>
      <Position19>
        <Filename Value="uHardwareMonitor.pas"/>
        <Caret Line="1936" Column="1" TopLine="1926"/>
      </Position19>
      <Position20>
        <Filename Value="uHardwareMonitor.pas"/>
        <Caret Line="1937" Column="1" TopLine="1926"/>
      </Position20>
      <Position21>
        <Filename Value="uHardwareMonitor.pas"/>
        <Caret Line="1938" Column="1" TopLine="1926"/>
      </Position21>
      <Position22>
        <Filename Value="uHardwareMonitor.pas"/>
        <Caret Line="1939" Column="1" TopLine="1926"/>
      </Position22>
      <Position23>
        <Filename Value="uHardwareMonitor.pas"/>
        <Caret Line="1940" Column="1" TopLine="1926"/>
      </Position23>
      <Position24>
        <Filename Value="uHardwareMonitor.pas"/>
        <Caret Line="1945" Column="1" TopLine="1926"/>
      </Position24>
      <Position25>
        <Filename Value="uHardwareMonitor.pas"/>
        <Caret Line="1946" Column="1" TopLine="1926"/>
      </Position25>
      <Position26>
        <Filename Value="uMainForm.pas"/>
        <Caret Line="406" Column="1" TopLine="380"/>
      </Position26>
      <Position27>
        <Filename Value="uMainForm.pas"/>
        <Caret Line="408" Column="1" TopLine="381"/>
      </Position27>
      <Position28>
        <Filename Value="uMainForm.pas"/>
        <Caret Line="421" Column="1" TopLine="406"/>
      </Position28>
      <Position29>
        <Filename Value="uMainForm.pas"/>
        <Caret Line="424" Column="1" TopLine="406"/>
      </Position29>
      <Position30>
        <Filename Value="uMainForm.pas"/>
        <Caret Line="432" Column="1" TopLine="406"/>
      </Position30>
    </JumpHistory>
  </ProjectOptions>
  <CompilerOptions>
    <Version Value="11"/>
    <PathDelim Value="\"/>
    <Target>
      <Filename Value="HardwareMonitor"/>
    </Target>
    <SearchPaths>
      <IncludeFiles Value="$(ProjOutDir)"/>
      <OtherUnitFiles Value="gdiplus"/>
      <UnitOutputDirectory Value="..\lib\Programm\$(TargetCPU)-$(TargetOS)"/>
    </SearchPaths>
    <CodeGeneration>
      <TargetCPU Value="i386"/>
      <TargetOS Value="win32"/>
    </CodeGeneration>
    <Linking>
      <Debugging>
        <UseHeaptrc Value="True"/>
        <StripSymbols Value="True"/>
      </Debugging>
      <Options>
        <Win32>
          <GraphicApplication Value="True"/>
        </Win32>
      </Options>
    </Linking>
    <Other>
      <CompilerMessages>
        <UseMsgFile Value="True"/>
      </CompilerMessages>
      <CompilerPath Value="$(CompPath)"/>
    </Other>
  </CompilerOptions>
  <Debugging>
    <Watches Count="4">
      <Item1>
        <Expression Value="buf"/>
      </Item1>
      <Item2>
        <Expression Value="c"/>
      </Item2>
      <Item3>
        <Expression Value="isStr"/>
      </Item3>
      <Item4>
        <Expression Value="hasInvComma"/>
      </Item4>
    </Watches>
    <Exceptions Count="3">
      <Item1>
        <Name Value="EAbort"/>
      </Item1>
      <Item2>
        <Name Value="ECodetoolError"/>
      </Item2>
      <Item3>
        <Name Value="EFOpenError"/>
      </Item3>
    </Exceptions>
  </Debugging>
  <EditorMacros Count="0"/>
</CONFIG>
